Microsoft Visual Studio Solution File, Format Version 12.00
# Visual Studio Version 17
Project("{9A19103F-16F7-4668-BE54-9A1E7A4F7556}") = "NeoSwitch.Core", "src\NeoSwitch.Core\NeoSwitch.Core.csproj", "{F550997B-9C50-4709-8E70-4B6DD2A65BD1}"
EndProject
Project("{9A19103F-16F7-4668-BE54-9A1E7A4F7556}") = "NeoSwitch.Cli", "src\NeoSwitch.Cli\NeoSwitch.Cli.csproj", "{9677C511-436A-4715-8B10-03B941CBBD3B}"
EndProject
Global
	GlobalSection(SolutionConfigurationPlatforms) = preSolution
		Debug|Any CPU = Debug|Any CPU
		Release|Any CPU = Release|Any CPU
	EndGlobalSection
	GlobalSection(ProjectConfigurationPlatforms) = postSolution
		{F550997B-9C50-4709-8E70-4B6DD2A65BD1}.Debug|Any CPU.ActiveCfg = Debug|Any CPU
		{F550997B-9C50-4709-8E70-4B6DD2A65BD1}.Debug|Any CPU.Build.0 = Debug|Any CPU
		{F550997B-9C50-4709-8E70-4B6DD2A65BD1}.Release|Any CPU.ActiveCfg = Release|Any CPU
		{F550997B-9C50-4709-8E70-4B6DD2A65BD1}.Release|Any CPU.Build.0 = Release|Any CPU
		{9677C511-436A-4715-8B10-03B941CBBD3B}.Debug|Any CPU.ActiveCfg = Debug|Any CPU
		{9677C511-436A-4715-8B10-03B941CBBD3B}.Debug|Any CPU.Build.0 = Debug|Any CPU
		{9677C511-436A-4715-8B10-03B941CBBD3B}.Release|Any CPU.ActiveCfg = Release|Any CPU
		{9677C511-436A-4715-8B10-03B941CBBD3B}.Release|Any CPU.Build.0 = Release|Any CPU
	EndGlobalSection
EndGlobal
